{
  "pins" : [
    {
      "identity" : "ios-customframework-package",
      "kind" : "remoteSourceControl",
      "location" : "https://github.com/Simon323/ios-customframework-package",
      "state" : {
        "revision" : "87d6ed8b3a398e8dbf1973a3c2e9755a96090b42",
        "version" : "0.0.2"
      }
    }
  ],
  "version" : 2
}
