{
  "pins" : [
    {
      "identity" : "ios-customframework-package",
      "kind" : "remoteSourceControl",
      "location" : "https://github.com/Simon323/ios-customframework-package",
      "state" : {
        "revision" : "570fc32c6528a1959e7609da17c6f66b9e5d7c16",
        "version" : "0.0.1"
      }
    }
  ],
  "version" : 2
}
